<?xml version="1.0" encoding="utf-8"?>
<Project ToolsVersion="4.0" xmlns="http://schemas.microsoft.com/developer/msbuild/2003">
  <ItemGroup>
    <Filter Include="Source Files">
      <UniqueIdentifier>{4FC737F1-C7A5-4376-A066-2A32D752A2FF}</UniqueIdentifier>
      <Extensions>cpp;c;cc;cxx;def;odl;idl;hpj;bat;asm;asmx</Extensions>
    </Filter>
    <Filter Include="Header Files">
      <UniqueIdentifier>{93995380-89BD-4b04-88EB-625FBE52EBFB}</UniqueIdentifier>
      <Extensions>h;hpp;hxx;hm;inl;inc;xsd</Extensions>
    </Filter>
    <Filter Include="Resource Files">
      <UniqueIdentifier>{67DA6AB6-F800-4c08-8B7A-83BB121AAD01}</UniqueIdentifier>
      <Extensions>rc;ico;cur;bmp;dlg;rc2;rct;bin;rgs;gif;jpg;jpeg;jpe;resx;tiff;tif;png;wav;mfcribbon-ms</Extensions>
    </Filter>
    <Filter Include="aruco215">
      <UniqueIdentifier>{11458ff8-a389-4612-a2a0-49a7e8917ff7}</UniqueIdentifier>
    </Filter>
  </ItemGroup>
  <ItemGroup>
    <ClCompile Include="plot.cpp">
      <Filter>Source Files</Filter>
    </ClCompile>
    <ClCompile Include="aruco125\ar_omp.cpp">
      <Filter>aruco215</Filter>
    </ClCompile>
    <ClCompile Include="aruco125\arucofidmarkers.cpp">
      <Filter>aruco215</Filter>
    </ClCompile>
    <ClCompile Include="aruco125\board.cpp">
      <Filter>aruco215</Filter>
    </ClCompile>
    <ClCompile Include="aruco125\boarddetector.cpp">
      <Filter>aruco215</Filter>
    </ClCompile>
    <ClCompile Include="aruco125\cameraparameters.cpp">
      <Filter>aruco215</Filter>
    </ClCompile>
    <ClCompile Include="aruco125\chromaticmask.cpp">
      <Filter>aruco215</Filter>
    </ClCompile>
    <ClCompile Include="aruco125\cvdrawingutils.cpp">
      <Filter>aruco215</Filter>
    </ClCompile>
    <ClCompile Include="aruco125\highlyreliablemarkers.cpp">
      <Filter>aruco215</Filter>
    </ClCompile>
    <ClCompile Include="aruco125\marker.cpp">
      <Filter>aruco215</Filter>
    </ClCompile>
    <ClCompile Include="aruco125\markerdetector.cpp">
      <Filter>aruco215</Filter>
    </ClCompile>
    <ClCompile Include="aruco125\subpixelcorner.cpp">
      <Filter>aruco215</Filter>
    </ClCompile>
    <ClCompile Include="PhidgetClass.cpp">
      <Filter>Source Files</Filter>
    </ClCompile>
  </ItemGroup>
  <ItemGroup>
    <ClInclude Include="phidget21.h">
      <Filter>Header Files</Filter>
    </ClInclude>
    <ClInclude Include="aruco125\ar_omp.h">
      <Filter>aruco215</Filter>
    </ClInclude>
    <ClInclude Include="aruco125\aruco.h">
      <Filter>aruco215</Filter>
    </ClInclude>
    <ClInclude Include="aruco125\arucofidmarkers.h">
      <Filter>aruco215</Filter>
    </ClInclude>
    <ClInclude Include="aruco125\board.h">
      <Filter>aruco215</Filter>
    </ClInclude>
    <ClInclude Include="aruco125\boarddetector.h">
      <Filter>aruco215</Filter>
    </ClInclude>
    <ClInclude Include="aruco125\cameraparameters.h">
      <Filter>aruco215</Filter>
    </ClInclude>
    <ClInclude Include="aruco125\chromaticmask.h">
      <Filter>aruco215</Filter>
    </ClInclude>
    <ClInclude Include="aruco125\cvdrawingutils.h">
      <Filter>aruco215</Filter>
    </ClInclude>
    <ClInclude Include="aruco125\exports.h">
      <Filter>aruco215</Filter>
    </ClInclude>
    <ClInclude Include="aruco125\highlyreliablemarkers.h">
      <Filter>aruco215</Filter>
    </ClInclude>
    <ClInclude Include="aruco125\marker.h">
      <Filter>aruco215</Filter>
    </ClInclude>
    <ClInclude Include="aruco125\markerdetector.h">
      <Filter>aruco215</Filter>
    </ClInclude>
    <ClInclude Include="aruco125\subpixelcorner.h">
      <Filter>aruco215</Filter>
    </ClInclude>
    <ClInclude Include="PhidgetClass.h">
      <Filter>Header Files</Filter>
    </ClInclude>
    <ClInclude Include="spline.h">
      <Filter>Header Files</Filter>
    </ClInclude>
  </ItemGroup>
</Project>